
Microsoft Visual Studio Solution File, Format Version 12.00
# Visual Studio Version 17
VisualStudioVersion = 17.14.36408.4 d17.14
MinimumVisualStudioVersion = 10.0.40219.1
Project("{8BC9CEB8-8B4A-11D0-8D11-00A0C91BC942}") = "Puyo_Stack", "Puyo_Stack.vcxproj", "{B00703D0-6FCC-4653-A7EB-284C6F5EE3DD}"
EndProject
Global
	GlobalSection(SolutionConfigurationPlatforms) = preSolution
		Debug|x64 = Debug|x64
		Debug|x86 = Debug|x86
		Release|x64 = Release|x64
		Release|x86 = Release|x86
	EndGlobalSection
	GlobalSection(ProjectConfigurationPlatforms) = postSolution
		{B00703D0-6FCC-4653-A7EB-284C6F5EE3DD}.Debug|x64.ActiveCfg = Debug|x64
		{B00703D0-6FCC-4653-A7EB-284C6F5EE3DD}.Debug|x64.Build.0 = Debug|x64
		{B00703D0-6FCC-4653-A7EB-284C6F5EE3DD}.Debug|x86.ActiveCfg = Debug|Win32
		{B00703D0-6FCC-4653-A7EB-284C6F5EE3DD}.Debug|x86.Build.0 = Debug|Win32
		{B00703D0-6FCC-4653-A7EB-284C6F5EE3DD}.Release|x64.ActiveCfg = Release|x64
		{B00703D0-6FCC-4653-A7EB-284C6F5EE3DD}.Release|x64.Build.0 = Release|x64
		{B00703D0-6FCC-4653-A7EB-284C6F5EE3DD}.Release|x86.ActiveCfg = Release|Win32
		{B00703D0-6FCC-4653-A7EB-284C6F5EE3DD}.Release|x86.Build.0 = Release|Win32
	EndGlobalSection
	GlobalSection(SolutionProperties) = preSolution
		HideSolutionNode = FALSE
	EndGlobalSection
	GlobalSection(ExtensibilityGlobals) = postSolution
		SolutionGuid = {C0797944-1F6A-4469-B6E8-710084B8EF3D}
	EndGlobalSection
EndGlobal
